
Microsoft Visual Studio Solution File, Format Version 12.00
# Visual Studio Version 16
VisualStudioVersion = 16.0.30503.244
MinimumVisualStudioVersion = 10.0.40219.1
Project("{FAE04EC0-301F-11D3-BF4B-00C04F79EFBC}") = "NICE.Dashboard", "NICE.Dashboard\NICE.Dashboard.csproj", "{AF292E5A-84B2-4CDA-8622-A1FC7236C399}"
EndProject
Global
	GlobalSection(SolutionConfigurationPlatforms) = preSolution
		Debug|Any CPU = Debug|Any CPU
		Release|Any CPU = Release|Any CPU
	EndGlobalSection
	GlobalSection(ProjectConfigurationPlatforms) = postSolution
		{AF292E5A-84B2-4CDA-8622-A1FC7236C399}.Debug|Any CPU.ActiveCfg = Debug|Any CPU
		{AF292E5A-84B2-4CDA-8622-A1FC7236C399}.Debug|Any CPU.Build.0 = Debug|Any CPU
		{AF292E5A-84B2-4CDA-8622-A1FC7236C399}.Release|Any CPU.ActiveCfg = Release|Any CPU
		{AF292E5A-84B2-4CDA-8622-A1FC7236C399}.Release|Any CPU.Build.0 = Release|Any CPU
	EndGlobalSection
	GlobalSection(SolutionProperties) = preSolution
		HideSolutionNode = FALSE
	EndGlobalSection
	GlobalSection(ExtensibilityGlobals) = postSolution
		SolutionGuid = {C5E9D3E2-2F83-4AD9-810F-98C7A1835A73}
	EndGlobalSection
EndGlobal
